
Microsoft Visual Studio Solution File, Format Version 11.00
# Visual C# Express 2010
Project("{FAE04EC0-301F-11D3-BF4B-00C04F79EFBC}") = "TeamPlatformer", "TeamPlatformer\TeamPlatformer\TeamPlatformer.csproj", "{F7276D3F-C9F1-4247-97F6-38BBF7AEC073}"
EndProject
Project("{FAE04EC0-301F-11D3-BF4B-00C04F79EFBC}") = "TeamPlatformerContent", "TeamPlatformer\TeamPlatformerContent\TeamPlatformerContent.contentproj", "{03356B50-2F49-4B2F-930B-9AF317058F3C}"
EndProject
Global
	GlobalSection(SolutionConfigurationPlatforms) = preSolution
		Debug|Mixed Platforms = Debug|Mixed Platforms
		Debug|x86 = Debug|x86
		Debug|Xbox 360 = Debug|Xbox 360
		Release|Mixed Platforms = Release|Mixed Platforms
		Release|x86 = Release|x86
		Release|Xbox 360 = Release|Xbox 360
	EndGlobalSection
	GlobalSection(ProjectConfigurationPlatforms) = postSolution
		{F7276D3F-C9F1-4247-97F6-38BBF7AEC073}.Debug|Mixed Platforms.ActiveCfg = Debug|x86
		{F7276D3F-C9F1-4247-97F6-38BBF7AEC073}.Debug|Mixed Platforms.Build.0 = Debug|x86
		{F7276D3F-C9F1-4247-97F6-38BBF7AEC073}.Debug|x86.ActiveCfg = Debug|x86
		{F7276D3F-C9F1-4247-97F6-38BBF7AEC073}.Debug|x86.Build.0 = Debug|x86
		{F7276D3F-C9F1-4247-97F6-38BBF7AEC073}.Debug|Xbox 360.ActiveCfg = Debug|x86
		{F7276D3F-C9F1-4247-97F6-38BBF7AEC073}.Debug|Xbox 360.Build.0 = Debug|x86
		{F7276D3F-C9F1-4247-97F6-38BBF7AEC073}.Release|Mixed Platforms.ActiveCfg = Release|x86
		{F7276D3F-C9F1-4247-97F6-38BBF7AEC073}.Release|Mixed Platforms.Build.0 = Release|x86
		{F7276D3F-C9F1-4247-97F6-38BBF7AEC073}.Release|x86.ActiveCfg = Release|x86
		{F7276D3F-C9F1-4247-97F6-38BBF7AEC073}.Release|x86.Build.0 = Release|x86
		{F7276D3F-C9F1-4247-97F6-38BBF7AEC073}.Release|Xbox 360.ActiveCfg = Release|x86
		{F7276D3F-C9F1-4247-97F6-38BBF7AEC073}.Release|Xbox 360.Build.0 = Release|x86
		{03356B50-2F49-4B2F-930B-9AF317058F3C}.Debug|Mixed Platforms.ActiveCfg = Debug|x86
		{03356B50-2F49-4B2F-930B-9AF317058F3C}.Debug|x86.ActiveCfg = Debug|x86
		{03356B50-2F49-4B2F-930B-9AF317058F3C}.Debug|Xbox 360.ActiveCfg = Debug|x86
		{03356B50-2F49-4B2F-930B-9AF317058F3C}.Release|Mixed Platforms.ActiveCfg = Release|x86
		{03356B50-2F49-4B2F-930B-9AF317058F3C}.Release|x86.ActiveCfg = Release|x86
		{03356B50-2F49-4B2F-930B-9AF317058F3C}.Release|Xbox 360.ActiveCfg = Release|x86
	EndGlobalSection
	GlobalSection(SolutionProperties) = preSolution
		HideSolutionNode = FALSE
	EndGlobalSection
EndGlobal
